
Microsoft Visual Studio Solution File, Format Version 12.00
# Visual Studio Version 16
VisualStudioVersion = 16.0.29613.14
MinimumVisualStudioVersion = 10.0.40219.1
Project("{FAE04EC0-301F-11D3-BF4B-00C04F79EFBC}") = "CaseStudy", "CaseStudy.csproj", "{84DFDCC5-18F4-4912-A28B-13E9371AB42D}"
EndProject
Global
	GlobalSection(SolutionConfigurationPlatforms) = preSolution
		Debug|Any CPU = Debug|Any CPU
		Release|Any CPU = Release|Any CPU
	EndGlobalSection
	GlobalSection(ProjectConfigurationPlatforms) = postSolution
		{84DFDCC5-18F4-4912-A28B-13E9371AB42D}.Debug|Any CPU.ActiveCfg = Debug|Any CPU
		{84DFDCC5-18F4-4912-A28B-13E9371AB42D}.Debug|Any CPU.Build.0 = Debug|Any CPU
		{84DFDCC5-18F4-4912-A28B-13E9371AB42D}.Release|Any CPU.ActiveCfg = Release|Any CPU
		{84DFDCC5-18F4-4912-A28B-13E9371AB42D}.Release|Any CPU.Build.0 = Release|Any CPU
	EndGlobalSection
	GlobalSection(SolutionProperties) = preSolution
		HideSolutionNode = FALSE
	EndGlobalSection
	GlobalSection(ExtensibilityGlobals) = postSolution
		SolutionGuid = {A730BE9E-B06E-4685-BC74-386A15A36395}
	EndGlobalSection
EndGlobal
